{
  "name": "web",
  "version": "0.1.0",
  "lockfileVersion": 3,
  "requires": true,
  "packages": {
    "": {
      "name": "web",
      "version": "0.1.0",
      "devDependencies": {
        "@anzaui/anza": "file:../library"
      }
    },
    "../library": {
      "name": "@anzaui/anza",
      "version": "0.5.0",
      "dev": true,
      "license": "MIT",
      "bin": {
        "anza": "bin/anza/index.js",
        "anza-create": "bin/create/index.js"
      }
    },
    "node_modules/@anzaui/anza": {
      "resolved": "../library",
      "link": true
    }
  }
}
